// !$*UTF8*$!
{
	archiveVersion = 1;
	classes = {
	};
	objectVersion = 46;
	objects = {

/* Begin PBXBuildFile section */
		539831F98F98B9CC0DE06BC3 /* libPods-IM.a in Frameworks */ = {isa = PBXBuildFile; fileRef = 180477EEF5743F7E2FCB1513 /* libPods-IM.a */; };
		EC6A80DA1E53206F000FB081 /* main.m in Sources */ = {isa = PBXBuildFile; fileRef = EC6A80D91E53206F000FB081 /* main.m */; };
		EC6A80E51E53206F000FB081 /* Assets.xcassets in Resources */ = {isa = PBXBuildFile; fileRef = EC6A80E41E53206F000FB081 /* Assets.xcassets */; };
		EC6A811B1E53F1B6000FB081 /* SKAppDelegate.m in Sources */ = {isa = PBXBuildFile; fileRef = EC6A811A1E53F1B6000FB081 /* SKAppDelegate.m */; };
/* End PBXBuildFile section */

/* Begin PBXFileReference section */
		180477EEF5743F7E2FCB1513 /* libPods-IM.a */ = {isa = PBXFileReference; explicitFileType = archive.ar; includeInIndex = 0; path = "libPods-IM.a"; sourceTree = BUILT_PRODUCTS_DIR; };
		3CB95CF1CC419075EB1A14F7 /* Pods-IM.release.xcconfig */ = {isa = PBXFileReference; includeInIndex = 1; lastKnownFileType = text.xcconfig; name = "Pods-IM.release.xcconfig"; path = "Pods/Target Support Files/Pods-IM/Pods-IM.release.xcconfig"; sourceTree = "<group>"; };
		EC6A80D51E53206F000FB081 /* IM.app */ = {isa = PBXFileReference; explicitFileType = wrapper.application; includeInIndex = 0; path = IM.app; sourceTree = BUILT_PRODUCTS_DIR; };
		EC6A80D91E53206F000FB081 /* main.m */ = {isa = PBXFileReference; lastKnownFileType = sourcecode.c.objc; path = main.m; sourceTree = "<group>"; };
		EC6A80E41E53206F000FB081 /* Assets.xcassets */ = {isa = PBXFileReference; lastKnownFileType = folder.assetcatalog; path = Assets.xcassets; sourceTree = "<group>"; };
		EC6A80E91E53206F000FB081 /* Info.plist */ = {isa = PBXFileReference; lastKnownFileType = text.plist.xml; path = Info.plist; sourceTree = "<group>"; };
		EC6A81191E53F1B6000FB081 /* SKAppDelegate.h */ = {isa = PBXFileReference; fileEncoding = 4; lastKnownFileType = sourcecode.c.h; path = SKAppDelegate.h; sourceTree = "<group>"; };
		EC6A811A1E53F1B6000FB081 /* SKAppDelegate.m */ = {isa = PBXFileReference; fileEncoding = 4; lastKnownFileType = sourcecode.c.objc; path = SKAppDelegate.m; sourceTree = "<group>"; };
		EC6A811E1E53F39C000FB081 /* SKIM-Prefix.pch */ = {isa = PBXFileReference; lastKnownFileType = sourcecode.c.h; path = "SKIM-Prefix.pch"; sourceTree = "<group>"; };
		FAE6F2770F15F72DD003C7BC /* Pods-IM.debug.xcconfig */ = {isa = PBXFileReference; includeInIndex = 1; lastKnownFileType = text.xcconfig; name = "Pods-IM.debug.xcconfig"; path = "Pods/Target Support Files/Pods-IM/Pods-IM.debug.xcconfig"; sourceTree = "<group>"; };
/* End PBXFileReference section */

/* Begin PBXFrameworksBuildPhase section */
		EC6A80D21E53206F000FB081 /* Frameworks */ = {
			isa = PBXFrameworksBuildPhase;
			buildActionMask = 2147483647;
			files = (
				539831F98F98B9CC0DE06BC3 /* libPods-IM.a in Frameworks */,
			);
			runOnlyForDeploymentPostprocessing = 0;
		};
/* End PBXFrameworksBuildPhase section */

/* Begin PBXGroup section */
		AF75A90C662EBC00DD5AA0F4 /* Frameworks */ = {
			isa = PBXGroup;
			children = (
				180477EEF5743F7E2FCB1513 /* libPods-IM.a */,
			);
			name = Frameworks;
			sourceTree = "<group>";
		};
		EC6A80CC1E53206F000FB081 = {
			isa = PBXGroup;
			children = (
				EC6A80D71E53206F000FB081 /* IM */,
				EC6A80D61E53206F000FB081 /* Products */,
				EEFA9E6EBBADC29539D86281 /* Pods */,
				AF75A90C662EBC00DD5AA0F4 /* Frameworks */,
			);
			sourceTree = "<group>";
		};
		EC6A80D61E53206F000FB081 /* Products */ = {
			isa = PBXGroup;
			children = (
				EC6A80D51E53206F000FB081 /* IM.app */,
			);
			name = Products;
			sourceTree = "<group>";
		};
		EC6A80D71E53206F000FB081 /* IM */ = {
			isa = PBXGroup;
			children = (
				EC6A81191E53F1B6000FB081 /* SKAppDelegate.h */,
				EC6A811A1E53F1B6000FB081 /* SKAppDelegate.m */,
				EC6A811E1E53F39C000FB081 /* SKIM-Prefix.pch */,
				EC6A80E41E53206F000FB081 /* Assets.xcassets */,
				EC6A80E91E53206F000FB081 /* Info.plist */,
				EC6A80EF1E53283C000FB081 /* Classes */,
				EC6A80D81E53206F000FB081 /* Supporting Files */,
			);
			path = IM;
			sourceTree = "<group>";
		};
		EC6A80D81E53206F000FB081 /* Supporting Files */ = {
			isa = PBXGroup;
			children = (
				EC6A80D91E53206F000FB081 /* main.m */,
			);
			name = "Supporting Files";
			sourceTree = "<group>";
		};
		EC6A80EF1E53283C000FB081 /* Classes */ = {
			isa = PBXGroup;
			children = (
				EC6A80F01E53283C000FB081 /* Category */,
				EC6A80F11E53283C000FB081 /* Common */,
				EC6A80F61E53283C000FB081 /* LayoutConfig */,
				EC6A80F71E53283C000FB081 /* Sections */,
				EC6A81141E53283C000FB081 /* Service */,
				EC6A81151E53283C000FB081 /* Util */,
			);
			path = Classes;
			sourceTree = "<group>";
		};
		EC6A80F01E53283C000FB081 /* Category */ = {
			isa = PBXGroup;
			children = (
			);
			path = Category;
			sourceTree = "<group>";
		};
		EC6A80F11E53283C000FB081 /* Common */ = {
			isa = PBXGroup;
			children = (
				EC6A80F21E53283C000FB081 /* Addons */,
				EC6A80F31E53283C000FB081 /* Controller */,
				EC6A80F41E53283C000FB081 /* Delegate */,
				EC6A80F51E53283C000FB081 /* View */,
			);
			path = Common;
			sourceTree = "<group>";
		};
		EC6A80F21E53283C000FB081 /* Addons */ = {
			isa = PBXGroup;
			children = (
			);
			path = Addons;
			sourceTree = "<group>";
		};
		EC6A80F31E53283C000FB081 /* Controller */ = {
			isa = PBXGroup;
			children = (
			);
			path = Controller;
			sourceTree = "<group>";
		};
		EC6A80F41E53283C000FB081 /* Delegate */ = {
			isa = PBXGroup;
			children = (
			);
			path = Delegate;
			sourceTree = "<group>";
		};
		EC6A80F51E53283C000FB081 /* View */ = {
			isa = PBXGroup;
			children = (
			);
			path = View;
			sourceTree = "<group>";
		};
		EC6A80F61E53283C000FB081 /* LayoutConfig */ = {
			isa = PBXGroup;
			children = (
			);
			path = LayoutConfig;
			sourceTree = "<group>";
		};
		EC6A80F71E53283C000FB081 /* Sections */ = {
			isa = PBXGroup;
			children = (
				EC6A80F81E53283C000FB081 /* Card */,
				EC6A80FB1E53283C000FB081 /* Chatroom */,
				EC6A80FE1E53283C000FB081 /* Contact */,
				EC6A81031E53283C000FB081 /* Login */,
				EC6A81061E53283C000FB081 /* Session */,
				EC6A810B1E53283C000FB081 /* SessionList */,
				EC6A810E1E53283C000FB081 /* Setting */,
			);
			path = Sections;
			sourceTree = "<group>";
		};
		EC6A80F81E53283C000FB081 /* Card */ = {
			isa = PBXGroup;
			children = (
				EC6A80F91E53283C000FB081 /* View */,
				EC6A80FA1E53283C000FB081 /* ViewController */,
			);
			path = Card;
			sourceTree = "<group>";
		};
		EC6A80F91E53283C000FB081 /* View */ = {
			isa = PBXGroup;
			children = (
			);
			path = View;
			sourceTree = "<group>";
		};
		EC6A80FA1E53283C000FB081 /* ViewController */ = {
			isa = PBXGroup;
			children = (
			);
			path = ViewController;
			sourceTree = "<group>";
		};
		EC6A80FB1E53283C000FB081 /* Chatroom */ = {
			isa = PBXGroup;
			children = (
				EC6A80FC1E53283C000FB081 /* Config */,
				EC6A80FD1E53283C000FB081 /* Manager */,
			);
			path = Chatroom;
			sourceTree = "<group>";
		};
		EC6A80FC1E53283C000FB081 /* Config */ = {
			isa = PBXGroup;
			children = (
			);
			path = Config;
			sourceTree = "<group>";
		};
		EC6A80FD1E53283C000FB081 /* Manager */ = {
			isa = PBXGroup;
			children = (
			);
			path = Manager;
			sourceTree = "<group>";
		};
		EC6A80FE1E53283C000FB081 /* Contact */ = {
			isa = PBXGroup;
			children = (
				EC6A80FF1E53283C000FB081 /* Helper */,
				EC6A81001E53283C000FB081 /* Model */,
				EC6A81011E53283C000FB081 /* View */,
				EC6A81021E53283C000FB081 /* Viewcontroller */,
			);
			path = Contact;
			sourceTree = "<group>";
		};
		EC6A80FF1E53283C000FB081 /* Helper */ = {
			isa = PBXGroup;
			children = (
			);
			path = Helper;
			sourceTree = "<group>";
		};
		EC6A81001E53283C000FB081 /* Model */ = {
			isa = PBXGroup;
			children = (
			);
			path = Model;
			sourceTree = "<group>";
		};
		EC6A81011E53283C000FB081 /* View */ = {
			isa = PBXGroup;
			children = (
			);
			path = View;
			sourceTree = "<group>";
		};
		EC6A81021E53283C000FB081 /* Viewcontroller */ = {
			isa = PBXGroup;
			children = (
			);
			path = Viewcontroller;
			sourceTree = "<group>";
		};
		EC6A81031E53283C000FB081 /* Login */ = {
			isa = PBXGroup;
			children = (
				EC6A81041E53283C000FB081 /* Manager */,
				EC6A81051E53283C000FB081 /* ViewController */,
			);
			path = Login;
			sourceTree = "<group>";
		};
		EC6A81041E53283C000FB081 /* Manager */ = {
			isa = PBXGroup;
			children = (
			);
			path = Manager;
			sourceTree = "<group>";
		};
		EC6A81051E53283C000FB081 /* ViewController */ = {
			isa = PBXGroup;
			children = (
			);
			path = ViewController;
			sourceTree = "<group>";
		};
		EC6A81061E53283C000FB081 /* Session */ = {
			isa = PBXGroup;
			children = (
				EC6A81071E53283C000FB081 /* Config */,
				EC6A81081E53283C000FB081 /* Model */,
				EC6A81091E53283C000FB081 /* VieController */,
				EC6A810A1E53283C000FB081 /* View */,
			);
			path = Session;
			sourceTree = "<group>";
		};
		EC6A81071E53283C000FB081 /* Config */ = {
			isa = PBXGroup;
			children = (
			);
			path = Config;
			sourceTree = "<group>";
		};
		EC6A81081E53283C000FB081 /* Model */ = {
			isa = PBXGroup;
			children = (
			);
			path = Model;
			sourceTree = "<group>";
		};
		EC6A81091E53283C000FB081 /* VieController */ = {
			isa = PBXGroup;
			children = (
			);
			path = VieController;
			sourceTree = "<group>";
		};
		EC6A810A1E53283C000FB081 /* View */ = {
			isa = PBXGroup;
			children = (
			);
			path = View;
			sourceTree = "<group>";
		};
		EC6A810B1E53283C000FB081 /* SessionList */ = {
			isa = PBXGroup;
			children = (
				EC6A810C1E53283C000FB081 /* View */,
				EC6A810D1E53283C000FB081 /* ViewController */,
			);
			path = SessionList;
			sourceTree = "<group>";
		};
		EC6A810C1E53283C000FB081 /* View */ = {
			isa = PBXGroup;
			children = (
			);
			path = View;
			sourceTree = "<group>";
		};
		EC6A810D1E53283C000FB081 /* ViewController */ = {
			isa = PBXGroup;
			children = (
			);
			path = ViewController;
			sourceTree = "<group>";
		};
		EC6A810E1E53283C000FB081 /* Setting */ = {
			isa = PBXGroup;
			children = (
				EC6A810F1E53283C000FB081 /* Log */,
				EC6A81101E53283C000FB081 /* NetDetect */,
				EC6A81111E53283C000FB081 /* NoDisturb */,
				EC6A81121E53283C000FB081 /* UInfo */,
				EC6A81131E53283C000FB081 /* View */,
			);
			path = Setting;
			sourceTree = "<group>";
		};
		EC6A810F1E53283C000FB081 /* Log */ = {
			isa = PBXGroup;
			children = (
			);
			path = Log;
			sourceTree = "<group>";
		};
		EC6A81101E53283C000FB081 /* NetDetect */ = {
			isa = PBXGroup;
			children = (
			);
			path = NetDetect;
			sourceTree = "<group>";
		};
		EC6A81111E53283C000FB081 /* NoDisturb */ = {
			isa = PBXGroup;
			children = (
			);
			path = NoDisturb;
			sourceTree = "<group>";
		};
		EC6A81121E53283C000FB081 /* UInfo */ = {
			isa = PBXGroup;
			children = (
			);
			path = UInfo;
			sourceTree = "<group>";
		};
		EC6A81131E53283C000FB081 /* View */ = {
			isa = PBXGroup;
			children = (
			);
			path = View;
			sourceTree = "<group>";
		};
		EC6A81141E53283C000FB081 /* Service */ = {
			isa = PBXGroup;
			children = (
			);
			path = Service;
			sourceTree = "<group>";
		};
		EC6A81151E53283C000FB081 /* Util */ = {
			isa = PBXGroup;
			children = (
			);
			path = Util;
			sourceTree = "<group>";
		};
		EEFA9E6EBBADC29539D86281 /* Pods */ = {
			isa = PBXGroup;
			children = (
				FAE6F2770F15F72DD003C7BC /* Pods-IM.debug.xcconfig */,
				3CB95CF1CC419075EB1A14F7 /* Pods-IM.release.xcconfig */,
			);
			name = Pods;
			sourceTree = "<group>";
		};
/* End PBXGroup section */

/* Begin PBXNativeTarget section */
		EC6A80D41E53206F000FB081 /* IM */ = {
			isa = PBXNativeTarget;
			buildConfigurationList = EC6A80EC1E53206F000FB081 /* Build configuration list for PBXNativeTarget "IM" */;
			buildPhases = (
				72DC5D32971FB51F2863951D /* [CP] Check Pods Manifest.lock */,
				EC6A80D11E53206F000FB081 /* Sources */,
				EC6A80D21E53206F000FB081 /* Frameworks */,
				EC6A80D31E53206F000FB081 /* Resources */,
				91A089DC8CC52A43A9D995F8 /* [CP] Embed Pods Frameworks */,
				DF6552F0B3181F4BBC777386 /* [CP] Copy Pods Resources */,
			);
			buildRules = (
			);
			dependencies = (
			);
			name = IM;
			productName = IM;
			productReference = EC6A80D51E53206F000FB081 /* IM.app */;
			productType = "com.apple.product-type.application";
		};
/* End PBXNativeTarget section */

/* Begin PBXProject section */
		EC6A80CD1E53206F000FB081 /* Project object */ = {
			isa = PBXProject;
			attributes = {
				LastUpgradeCheck = 0810;
				ORGANIZATIONNAME = Tec_yifei;
				TargetAttributes = {
					EC6A80D41E53206F000FB081 = {
						CreatedOnToolsVersion = 8.1;
						DevelopmentTeam = MQ7ZB3WWNR;
						ProvisioningStyle = Automatic;
					};
				};
			};
			buildConfigurationList = EC6A80D01E53206F000FB081 /* Build configuration list for PBXProject "IM" */;
			compatibilityVersion = "Xcode 3.2";
			developmentRegion = English;
			hasScannedForEncodings = 0;
			knownRegions = (
				en,
				Base,
			);
			mainGroup = EC6A80CC1E53206F000FB081;
			productRefGroup = EC6A80D61E53206F000FB081 /* Products */;
			projectDirPath = "";
			projectRoot = "";
			targets = (
				EC6A80D41E53206F000FB081 /* IM */,
			);
		};
/* End PBXProject section */

/* Begin PBXResourcesBuildPhase section */
		EC6A80D31E53206F000FB081 /* Resources */ = {
			isa = PBXResourcesBuildPhase;
			buildActionMask = 2147483647;
			files = (
				EC6A80E51E53206F000FB081 /* Assets.xcassets in Resources */,
			);
			runOnlyForDeploymentPostprocessing = 0;
		};
/* End PBXResourcesBuildPhase section */

/* Begin PBXShellScriptBuildPhase section */
		72DC5D32971FB51F2863951D /* [CP] Check Pods Manifest.lock */ = {
			isa = PBXShellScriptBuildPhase;
			buildActionMask = 2147483647;
			files = (
			);
			inputPaths = (
			);
			name = "[CP] Check Pods Manifest.lock";
			outputPaths = (
			);
			runOnlyForDeploymentPostprocessing = 0;
			shellPath = /bin/sh;
			shellScript = "diff \"${PODS_ROOT}/../Podfile.lock\" \"${PODS_ROOT}/Manifest.lock\" > /dev/null\nif [ $? != 0 ] ; then\n    # print error to STDERR\n    echo \"error: The sandbox is not in sync with the Podfile.lock. Run 'pod install' or update your CocoaPods installation.\" >&2\n    exit 1\nfi\n";
			showEnvVarsInLog = 0;
		};
		91A089DC8CC52A43A9D995F8 /* [CP] Embed Pods Frameworks */ = {
			isa = PBXShellScriptBuildPhase;
			buildActionMask = 2147483647;
			files = (
			);
			inputPaths = (
			);
			name = "[CP] Embed Pods Frameworks";
			outputPaths = (
			);
			runOnlyForDeploymentPostprocessing = 0;
			shellPath = /bin/sh;
			shellScript = "\"${SRCROOT}/Pods/Target Support Files/Pods-IM/Pods-IM-frameworks.sh\"\n";
			showEnvVarsInLog = 0;
		};
		DF6552F0B3181F4BBC777386 /* [CP] Copy Pods Resources */ = {
			isa = PBXShellScriptBuildPhase;
			buildActionMask = 2147483647;
			files = (
			);
			inputPaths = (
			);
			name = "[CP] Copy Pods Resources";
			outputPaths = (
			);
			runOnlyForDeploymentPostprocessing = 0;
			shellPath = /bin/sh;
			shellScript = "\"${SRCROOT}/Pods/Target Support Files/Pods-IM/Pods-IM-resources.sh\"\n";
			showEnvVarsInLog = 0;
		};
/* End PBXShellScriptBuildPhase section */

/* Begin PBXSourcesBuildPhase section */
		EC6A80D11E53206F000FB081 /* Sources */ = {
			isa = PBXSourcesBuildPhase;
			buildActionMask = 2147483647;
			files = (
				EC6A811B1E53F1B6000FB081 /* SKAppDelegate.m in Sources */,
				EC6A80DA1E53206F000FB081 /* main.m in Sources */,
			);
			runOnlyForDeploymentPostprocessing = 0;
		};
/* End PBXSourcesBuildPhase section */

/* Begin XCBuildConfiguration section */
		EC6A80EA1E53206F000FB081 /* Debug */ = {
			isa = XCBuildConfiguration;
			buildSettings = {
				ALWAYS_SEARCH_USER_PATHS = NO;
				CLANG_ANALYZER_NONNULL = YES;
				CLANG_CXX_LANGUAGE_STANDARD = "gnu++0x";
				CLANG_CXX_LIBRARY = "libc++";
				CLANG_ENABLE_MODULES = YES;
				CLANG_ENABLE_OBJC_ARC = YES;
				CLANG_WARN_BOOL_CONVERSION = YES;
				CLANG_WARN_CONSTANT_CONVERSION = YES;
				CLANG_WARN_DIRECT_OBJC_ISA_USAGE = YES_ERROR;
				CLANG_WARN_DOCUMENTATION_COMMENTS = YES;
				CLANG_WARN_EMPTY_BODY = YES;
				CLANG_WARN_ENUM_CONVERSION = YES;
				CLANG_WARN_INFINITE_RECURSION = YES;
				CLANG_WARN_INT_CONVERSION = YES;
				CLANG_WARN_OBJC_ROOT_CLASS = YES_ERROR;
				CLANG_WARN_SUSPICIOUS_MOVES = YES;
				CLANG_WARN_UNREACHABLE_CODE = YES;
				CLANG_WARN__DUPLICATE_METHOD_MATCH = YES;
				"CODE_SIGN_IDENTITY[sdk=iphoneos*]" = "iPhone Developer";
				COPY_PHASE_STRIP = NO;
				DEBUG_INFORMATION_FORMAT = dwarf;
				ENABLE_STRICT_OBJC_MSGSEND = YES;
				ENABLE_TESTABILITY = YES;
				GCC_C_LANGUAGE_STANDARD = gnu99;
				GCC_DYNAMIC_NO_PIC = NO;
				GCC_NO_COMMON_BLOCKS = YES;
				GCC_OPTIMIZATION_LEVEL = 0;
				GCC_PREPROCESSOR_DEFINITIONS = (
					"DEBUG=1",
					"$(inherited)",
				);
				GCC_WARN_64_TO_32_BIT_CONVERSION = YES;
				GCC_WARN_ABOUT_RETURN_TYPE = YES_ERROR;
				GCC_WARN_UNDECLARED_SELECTOR = YES;
				GCC_WARN_UNINITIALIZED_AUTOS = YES_AGGRESSIVE;
				GCC_WARN_UNUSED_FUNCTION = YES;
				GCC_WARN_UNUSED_VARIABLE = YES;
				IPHONEOS_DEPLOYMENT_TARGET = 10.1;
				MTL_ENABLE_DEBUG_INFO = YES;
				ONLY_ACTIVE_ARCH = YES;
				SDKROOT = iphoneos;
				TARGETED_DEVICE_FAMILY = "1,2";
			};
			name = Debug;
		};
		EC6A80EB1E53206F000FB081 /* Release */ = {
			isa = XCBuildConfiguration;
			buildSettings = {
				ALWAYS_SEARCH_USER_PATHS = NO;
				CLANG_ANALYZER_NONNULL = YES;
				CLANG_CXX_LANGUAGE_STANDARD = "gnu++0x";
				CLANG_CXX_LIBRARY = "libc++";
				CLANG_ENABLE_MODULES = YES;
				CLANG_ENABLE_OBJC_ARC = YES;
				CLANG_WARN_BOOL_CONVERSION = YES;
				CLANG_WARN_CONSTANT_CONVERSION = YES;
				CLANG_WARN_DIRECT_OBJC_ISA_USAGE = YES_ERROR;
				CLANG_WARN_DOCUMENTATION_COMMENTS = YES;
				CLANG_WARN_EMPTY_BODY = YES;
				CLANG_WARN_ENUM_CONVERSION = YES;
				CLANG_WARN_INFINITE_RECURSION = YES;
				CLANG_WARN_INT_CONVERSION = YES;
				CLANG_WARN_OBJC_ROOT_CLASS = YES_ERROR;
				CLANG_WARN_SUSPICIOUS_MOVES = YES;
				CLANG_WARN_UNREACHABLE_CODE = YES;
				CLANG_WARN__DUPLICATE_METHOD_MATCH = YES;
				"CODE_SIGN_IDENTITY[sdk=iphoneos*]" = "iPhone Developer";
				COPY_PHASE_STRIP = NO;
				DEBUG_INFORMATION_FORMAT = "dwarf-with-dsym";
				ENABLE_NS_ASSERTIONS = NO;
				ENABLE_STRICT_OBJC_MSGSEND = YES;
				GCC_C_LANGUAGE_STANDARD = gnu99;
				GCC_NO_COMMON_BLOCKS = YES;
				GCC_WARN_64_TO_32_BIT_CONVERSION = YES;
				GCC_WARN_ABOUT_RETURN_TYPE = YES_ERROR;
				GCC_WARN_UNDECLARED_SELECTOR = YES;
				GCC_WARN_UNINITIALIZED_AUTOS = YES_AGGRESSIVE;
				GCC_WARN_UNUSED_FUNCTION = YES;
				GCC_WARN_UNUSED_VARIABLE = YES;
				IPHONEOS_DEPLOYMENT_TARGET = 10.1;
				MTL_ENABLE_DEBUG_INFO = NO;
				SDKROOT = iphoneos;
				TARGETED_DEVICE_FAMILY = "1,2";
				VALIDATE_PRODUCT = YES;
			};
			name = Release;
		};
		EC6A80ED1E53206F000FB081 /* Debug */ = {
			isa = XCBuildConfiguration;
			baseConfigurationReference = FAE6F2770F15F72DD003C7BC /* Pods-IM.debug.xcconfig */;
			buildSettings = {
				ASSETCATALOG_COMPILER_APPICON_NAME = AppIcon;
				DEVELOPMENT_TEAM = MQ7ZB3WWNR;
				GCC_PREFIX_HEADER = "$(SRCROOT)/IM/SKIM-Prefix.pch";
				INFOPLIST_FILE = IM/Info.plist;
				LD_RUNPATH_SEARCH_PATHS = "$(inherited) @executable_path/Frameworks";
				PRODUCT_BUNDLE_IDENTIFIER = Zhancheng.Co.Ltd.IM;
				PRODUCT_NAME = "$(TARGET_NAME)";
			};
			name = Debug;
		};
		EC6A80EE1E53206F000FB081 /* Release */ = {
			isa = XCBuildConfiguration;
			baseConfigurationReference = 3CB95CF1CC419075EB1A14F7 /* Pods-IM.release.xcconfig */;
			buildSettings = {
				ASSETCATALOG_COMPILER_APPICON_NAME = AppIcon;
				DEVELOPMENT_TEAM = MQ7ZB3WWNR;
				GCC_PREFIX_HEADER = "$(SRCROOT)/IM/SKIM-Prefix.pch";
				INFOPLIST_FILE = IM/Info.plist;
				LD_RUNPATH_SEARCH_PATHS = "$(inherited) @executable_path/Frameworks";
				PRODUCT_BUNDLE_IDENTIFIER = Zhancheng.Co.Ltd.IM;
				PRODUCT_NAME = "$(TARGET_NAME)";
			};
			name = Release;
		};
/* End XCBuildConfiguration section */

/* Begin XCConfigurationList section */
		EC6A80D01E53206F000FB081 /* Build configuration list for PBXProject "IM" */ = {
			isa = XCConfigurationList;
			buildConfigurations = (
				EC6A80EA1E53206F000FB081 /* Debug */,
				EC6A80EB1E53206F000FB081 /* Release */,
			);
			defaultConfigurationIsVisible = 0;
			defaultConfigurationName = Release;
		};
		EC6A80EC1E53206F000FB081 /* Build configuration list for PBXNativeTarget "IM" */ = {
			isa = XCConfigurationList;
			buildConfigurations = (
				EC6A80ED1E53206F000FB081 /* Debug */,
				EC6A80EE1E53206F000FB081 /* Release */,
			);
			defaultConfigurationIsVisible = 0;
			defaultConfigurationName = Release;
		};
/* End XCConfigurationList section */
	};
	rootObject = EC6A80CD1E53206F000FB081 /* Project object */;
}
