// !$*UTF8*$!
{
	archiveVersion = 1;
	classes = {
	};
	objectVersion = 46;
	objects = {

/* Begin PBXBuildFile section */
		EC6A80521E5303E7000FB081 /* main.m in Sources */ = {isa = PBXBuildFile; fileRef = EC6A80511E5303E7000FB081 /* main.m */; };
		EC6A80551E5303E7000FB081 /* AppDelegate.m in Sources */ = {isa = PBXBuildFile; fileRef = EC6A80541E5303E7000FB081 /* AppDelegate.m */; };
		EC6A80581E5303E7000FB081 /* ViewController.m in Sources */ = {isa = PBXBuildFile; fileRef = EC6A80571E5303E7000FB081 /* ViewController.m */; };
		EC6A805B1E5303E7000FB081 /* Main.storyboard in Resources */ = {isa = PBXBuildFile; fileRef = EC6A80591E5303E7000FB081 /* Main.storyboard */; };
		EC6A805D1E5303E7000FB081 /* Assets.xcassets in Resources */ = {isa = PBXBuildFile; fileRef = EC6A805C1E5303E7000FB081 /* Assets.xcassets */; };
		EC6A80601E5303E7000FB081 /* LaunchScreen.storyboard in Resources */ = {isa = PBXBuildFile; fileRef = EC6A805E1E5303E7000FB081 /* LaunchScreen.storyboard */; };
		EC6A806B1E5303E7000FB081 /* IMTests.m in Sources */ = {isa = PBXBuildFile; fileRef = EC6A806A1E5303E7000FB081 /* IMTests.m */; };
		EC6A80761E5303E7000FB081 /* IMUITests.m in Sources */ = {isa = PBXBuildFile; fileRef = EC6A80751E5303E7000FB081 /* IMUITests.m */; };
/* End PBXBuildFile section */

/* Begin PBXContainerItemProxy section */
		EC6A80671E5303E7000FB081 /* PBXContainerItemProxy */ = {
			isa = PBXContainerItemProxy;
			containerPortal = EC6A80451E5303E7000FB081 /* Project object */;
			proxyType = 1;
			remoteGlobalIDString = EC6A804C1E5303E7000FB081;
			remoteInfo = IM;
		};
		EC6A80721E5303E7000FB081 /* PBXContainerItemProxy */ = {
			isa = PBXContainerItemProxy;
			containerPortal = EC6A80451E5303E7000FB081 /* Project object */;
			proxyType = 1;
			remoteGlobalIDString = EC6A804C1E5303E7000FB081;
			remoteInfo = IM;
		};
/* End PBXContainerItemProxy section */

/* Begin PBXFileReference section */
		EC6A804D1E5303E7000FB081 /* IM.app */ = {isa = PBXFileReference; explicitFileType = wrapper.application; includeInIndex = 0; path = IM.app; sourceTree = BUILT_PRODUCTS_DIR; };
		EC6A80511E5303E7000FB081 /* main.m */ = {isa = PBXFileReference; lastKnownFileType = sourcecode.c.objc; path = main.m; sourceTree = "<group>"; };
		EC6A80531E5303E7000FB081 /* AppDelegate.h */ = {isa = PBXFileReference; lastKnownFileType = sourcecode.c.h; path = AppDelegate.h; sourceTree = "<group>"; };
		EC6A80541E5303E7000FB081 /* AppDelegate.m */ = {isa = PBXFileReference; lastKnownFileType = sourcecode.c.objc; path = AppDelegate.m; sourceTree = "<group>"; };
		EC6A80561E5303E7000FB081 /* ViewController.h */ = {isa = PBXFileReference; lastKnownFileType = sourcecode.c.h; path = ViewController.h; sourceTree = "<group>"; };
		EC6A80571E5303E7000FB081 /* ViewController.m */ = {isa = PBXFileReference; lastKnownFileType = sourcecode.c.objc; path = ViewController.m; sourceTree = "<group>"; };
		EC6A805A1E5303E7000FB081 /* Base */ = {isa = PBXFileReference; lastKnownFileType = file.storyboard; name = Base; path = Base.lproj/Main.storyboard; sourceTree = "<group>"; };
		EC6A805C1E5303E7000FB081 /* Assets.xcassets */ = {isa = PBXFileReference; lastKnownFileType = folder.assetcatalog; path = Assets.xcassets; sourceTree = "<group>"; };
		EC6A805F1E5303E7000FB081 /* Base */ = {isa = PBXFileReference; lastKnownFileType = file.storyboard; name = Base; path = Base.lproj/LaunchScreen.storyboard; sourceTree = "<group>"; };
		EC6A80611E5303E7000FB081 /* Info.plist */ = {isa = PBXFileReference; lastKnownFileType = text.plist.xml; path = Info.plist; sourceTree = "<group>"; };
		EC6A80661E5303E7000FB081 /* IMTests.xctest */ = {isa = PBXFileReference; explicitFileType = wrapper.cfbundle; includeInIndex = 0; path = IMTests.xctest; sourceTree = BUILT_PRODUCTS_DIR; };
		EC6A806A1E5303E7000FB081 /* IMTests.m */ = {isa = PBXFileReference; lastKnownFileType = sourcecode.c.objc; path = IMTests.m; sourceTree = "<group>"; };
		EC6A806C1E5303E7000FB081 /* Info.plist */ = {isa = PBXFileReference; lastKnownFileType = text.plist.xml; path = Info.plist; sourceTree = "<group>"; };
		EC6A80711E5303E7000FB081 /* IMUITests.xctest */ = {isa = PBXFileReference; explicitFileType = wrapper.cfbundle; includeInIndex = 0; path = IMUITests.xctest; sourceTree = BUILT_PRODUCTS_DIR; };
		EC6A80751E5303E7000FB081 /* IMUITests.m */ = {isa = PBXFileReference; lastKnownFileType = sourcecode.c.objc; path = IMUITests.m; sourceTree = "<group>"; };
		EC6A80771E5303E7000FB081 /* Info.plist */ = {isa = PBXFileReference; lastKnownFileType = text.plist.xml; path = Info.plist; sourceTree = "<group>"; };
/* End PBXFileReference section */

/* Begin PBXFrameworksBuildPhase section */
		EC6A804A1E5303E7000FB081 /* Frameworks */ = {
			isa = PBXFrameworksBuildPhase;
			buildActionMask = 2147483647;
			files = (
			);
			runOnlyForDeploymentPostprocessing = 0;
		};
		EC6A80631E5303E7000FB081 /* Frameworks */ = {
			isa = PBXFrameworksBuildPhase;
			buildActionMask = 2147483647;
			files = (
			);
			runOnlyForDeploymentPostprocessing = 0;
		};
		EC6A806E1E5303E7000FB081 /* Frameworks */ = {
			isa = PBXFrameworksBuildPhase;
			buildActionMask = 2147483647;
			files = (
			);
			runOnlyForDeploymentPostprocessing = 0;
		};
/* End PBXFrameworksBuildPhase section */

/* Begin PBXGroup section */
		EC6A80441E5303E7000FB081 = {
			isa = PBXGroup;
			children = (
				EC6A804F1E5303E7000FB081 /* IM */,
				EC6A80691E5303E7000FB081 /* IMTests */,
				EC6A80741E5303E7000FB081 /* IMUITests */,
				EC6A804E1E5303E7000FB081 /* Products */,
			);
			sourceTree = "<group>";
		};
		EC6A804E1E5303E7000FB081 /* Products */ = {
			isa = PBXGroup;
			children = (
				EC6A804D1E5303E7000FB081 /* IM.app */,
				EC6A80661E5303E7000FB081 /* IMTests.xctest */,
				EC6A80711E5303E7000FB081 /* IMUITests.xctest */,
			);
			name = Products;
			sourceTree = "<group>";
		};
		EC6A804F1E5303E7000FB081 /* IM */ = {
			isa = PBXGroup;
			children = (
				EC6A80531E5303E7000FB081 /* AppDelegate.h */,
				EC6A80541E5303E7000FB081 /* AppDelegate.m */,
				EC6A80561E5303E7000FB081 /* ViewController.h */,
				EC6A80571E5303E7000FB081 /* ViewController.m */,
				EC6A80591E5303E7000FB081 /* Main.storyboard */,
				EC6A805C1E5303E7000FB081 /* Assets.xcassets */,
				EC6A805E1E5303E7000FB081 /* LaunchScreen.storyboard */,
				EC6A80611E5303E7000FB081 /* Info.plist */,
				EC6A80501E5303E7000FB081 /* Supporting Files */,
			);
			path = IM;
			sourceTree = "<group>";
		};
		EC6A80501E5303E7000FB081 /* Supporting Files */ = {
			isa = PBXGroup;
			children = (
				EC6A80511E5303E7000FB081 /* main.m */,
			);
			name = "Supporting Files";
			sourceTree = "<group>";
		};
		EC6A80691E5303E7000FB081 /* IMTests */ = {
			isa = PBXGroup;
			children = (
				EC6A806A1E5303E7000FB081 /* IMTests.m */,
				EC6A806C1E5303E7000FB081 /* Info.plist */,
			);
			path = IMTests;
			sourceTree = "<group>";
		};
		EC6A80741E5303E7000FB081 /* IMUITests */ = {
			isa = PBXGroup;
			children = (
				EC6A80751E5303E7000FB081 /* IMUITests.m */,
				EC6A80771E5303E7000FB081 /* Info.plist */,
			);
			path = IMUITests;
			sourceTree = "<group>";
		};
/* End PBXGroup section */

/* Begin PBXNativeTarget section */
		EC6A804C1E5303E7000FB081 /* IM */ = {
			isa = PBXNativeTarget;
			buildConfigurationList = EC6A807A1E5303E7000FB081 /* Build configuration list for PBXNativeTarget "IM" */;
			buildPhases = (
				EC6A80491E5303E7000FB081 /* Sources */,
				EC6A804A1E5303E7000FB081 /* Frameworks */,
				EC6A804B1E5303E7000FB081 /* Resources */,
			);
			buildRules = (
			);
			dependencies = (
			);
			name = IM;
			productName = IM;
			productReference = EC6A804D1E5303E7000FB081 /* IM.app */;
			productType = "com.apple.product-type.application";
		};
		EC6A80651E5303E7000FB081 /* IMTests */ = {
			isa = PBXNativeTarget;
			buildConfigurationList = EC6A807D1E5303E7000FB081 /* Build configuration list for PBXNativeTarget "IMTests" */;
			buildPhases = (
				EC6A80621E5303E7000FB081 /* Sources */,
				EC6A80631E5303E7000FB081 /* Frameworks */,
				EC6A80641E5303E7000FB081 /* Resources */,
			);
			buildRules = (
			);
			dependencies = (
				EC6A80681E5303E7000FB081 /* PBXTargetDependency */,
			);
			name = IMTests;
			productName = IMTests;
			productReference = EC6A80661E5303E7000FB081 /* IMTests.xctest */;
			productType = "com.apple.product-type.bundle.unit-test";
		};
		EC6A80701E5303E7000FB081 /* IMUITests */ = {
			isa = PBXNativeTarget;
			buildConfigurationList = EC6A80801E5303E7000FB081 /* Build configuration list for PBXNativeTarget "IMUITests" */;
			buildPhases = (
				EC6A806D1E5303E7000FB081 /* Sources */,
				EC6A806E1E5303E7000FB081 /* Frameworks */,
				EC6A806F1E5303E7000FB081 /* Resources */,
			);
			buildRules = (
			);
			dependencies = (
				EC6A80731E5303E7000FB081 /* PBXTargetDependency */,
			);
			name = IMUITests;
			productName = IMUITests;
			productReference = EC6A80711E5303E7000FB081 /* IMUITests.xctest */;
			productType = "com.apple.product-type.bundle.ui-testing";
		};
/* End PBXNativeTarget section */

/* Begin PBXProject section */
		EC6A80451E5303E7000FB081 /* Project object */ = {
			isa = PBXProject;
			attributes = {
				LastUpgradeCheck = 0810;
				ORGANIZATIONNAME = Tec_yifei;
				TargetAttributes = {
					EC6A804C1E5303E7000FB081 = {
						CreatedOnToolsVersion = 8.1;
						DevelopmentTeam = MQ7ZB3WWNR;
						ProvisioningStyle = Automatic;
					};
					EC6A80651E5303E7000FB081 = {
						CreatedOnToolsVersion = 8.1;
						DevelopmentTeam = MQ7ZB3WWNR;
						ProvisioningStyle = Automatic;
						TestTargetID = EC6A804C1E5303E7000FB081;
					};
					EC6A80701E5303E7000FB081 = {
						CreatedOnToolsVersion = 8.1;
						DevelopmentTeam = MQ7ZB3WWNR;
						ProvisioningStyle = Automatic;
						TestTargetID = EC6A804C1E5303E7000FB081;
					};
				};
			};
			buildConfigurationList = EC6A80481E5303E7000FB081 /* Build configuration list for PBXProject "IM" */;
			compatibilityVersion = "Xcode 3.2";
			developmentRegion = English;
			hasScannedForEncodings = 0;
			knownRegions = (
				en,
				Base,
			);
			mainGroup = EC6A80441E5303E7000FB081;
			productRefGroup = EC6A804E1E5303E7000FB081 /* Products */;
			projectDirPath = "";
			projectRoot = "";
			targets = (
				EC6A804C1E5303E7000FB081 /* IM */,
				EC6A80651E5303E7000FB081 /* IMTests */,
				EC6A80701E5303E7000FB081 /* IMUITests */,
			);
		};
/* End PBXProject section */

/* Begin PBXResourcesBuildPhase section */
		EC6A804B1E5303E7000FB081 /* Resources */ = {
			isa = PBXResourcesBuildPhase;
			buildActionMask = 2147483647;
			files = (
				EC6A80601E5303E7000FB081 /* LaunchScreen.storyboard in Resources */,
				EC6A805D1E5303E7000FB081 /* Assets.xcassets in Resources */,
				EC6A805B1E5303E7000FB081 /* Main.storyboard in Resources */,
			);
			runOnlyForDeploymentPostprocessing = 0;
		};
		EC6A80641E5303E7000FB081 /* Resources */ = {
			isa = PBXResourcesBuildPhase;
			buildActionMask = 2147483647;
			files = (
			);
			runOnlyForDeploymentPostprocessing = 0;
		};
		EC6A806F1E5303E7000FB081 /* Resources */ = {
			isa = PBXResourcesBuildPhase;
			buildActionMask = 2147483647;
			files = (
			);
			runOnlyForDeploymentPostprocessing = 0;
		};
/* End PBXResourcesBuildPhase section */

/* Begin PBXSourcesBuildPhase section */
		EC6A80491E5303E7000FB081 /* Sources */ = {
			isa = PBXSourcesBuildPhase;
			buildActionMask = 2147483647;
			files = (
				EC6A80581E5303E7000FB081 /* ViewController.m in Sources */,
				EC6A80551E5303E7000FB081 /* AppDelegate.m in Sources */,
				EC6A80521E5303E7000FB081 /* main.m in Sources */,
			);
			runOnlyForDeploymentPostprocessing = 0;
		};
		EC6A80621E5303E7000FB081 /* Sources */ = {
			isa = PBXSourcesBuildPhase;
			buildActionMask = 2147483647;
			files = (
				EC6A806B1E5303E7000FB081 /* IMTests.m in Sources */,
			);
			runOnlyForDeploymentPostprocessing = 0;
		};
		EC6A806D1E5303E7000FB081 /* Sources */ = {
			isa = PBXSourcesBuildPhase;
			buildActionMask = 2147483647;
			files = (
				EC6A80761E5303E7000FB081 /* IMUITests.m in Sources */,
			);
			runOnlyForDeploymentPostprocessing = 0;
		};
/* End PBXSourcesBuildPhase section */

/* Begin PBXTargetDependency section */
		EC6A80681E5303E7000FB081 /* PBXTargetDependency */ = {
			isa = PBXTargetDependency;
			target = EC6A804C1E5303E7000FB081 /* IM */;
			targetProxy = EC6A80671E5303E7000FB081 /* PBXContainerItemProxy */;
		};
		EC6A80731E5303E7000FB081 /* PBXTargetDependency */ = {
			isa = PBXTargetDependency;
			target = EC6A804C1E5303E7000FB081 /* IM */;
			targetProxy = EC6A80721E5303E7000FB081 /* PBXContainerItemProxy */;
		};
/* End PBXTargetDependency section */

/* Begin PBXVariantGroup section */
		EC6A80591E5303E7000FB081 /* Main.storyboard */ = {
			isa = PBXVariantGroup;
			children = (
				EC6A805A1E5303E7000FB081 /* Base */,
			);
			name = Main.storyboard;
			sourceTree = "<group>";
		};
		EC6A805E1E5303E7000FB081 /* LaunchScreen.storyboard */ = {
			isa = PBXVariantGroup;
			children = (
				EC6A805F1E5303E7000FB081 /* Base */,
			);
			name = LaunchScreen.storyboard;
			sourceTree = "<group>";
		};
/* End PBXVariantGroup section */

/* Begin XCBuildConfiguration section */
		EC6A80781E5303E7000FB081 /* Debug */ = {
			isa = XCBuildConfiguration;
			buildSettings = {
				ALWAYS_SEARCH_USER_PATHS = NO;
				CLANG_ANALYZER_NONNULL = YES;
				CLANG_CXX_LANGUAGE_STANDARD = "gnu++0x";
				CLANG_CXX_LIBRARY = "libc++";
				CLANG_ENABLE_MODULES = YES;
				CLANG_ENABLE_OBJC_ARC = YES;
				CLANG_WARN_BOOL_CONVERSION = YES;
				CLANG_WARN_CONSTANT_CONVERSION = YES;
				CLANG_WARN_DIRECT_OBJC_ISA_USAGE = YES_ERROR;
				CLANG_WARN_DOCUMENTATION_COMMENTS = YES;
				CLANG_WARN_EMPTY_BODY = YES;
				CLANG_WARN_ENUM_CONVERSION = YES;
				CLANG_WARN_INFINITE_RECURSION = YES;
				CLANG_WARN_INT_CONVERSION = YES;
				CLANG_WARN_OBJC_ROOT_CLASS = YES_ERROR;
				CLANG_WARN_SUSPICIOUS_MOVES = YES;
				CLANG_WARN_UNREACHABLE_CODE = YES;
				CLANG_WARN__DUPLICATE_METHOD_MATCH = YES;
				"CODE_SIGN_IDENTITY[sdk=iphoneos*]" = "iPhone Developer";
				COPY_PHASE_STRIP = NO;
				DEBUG_INFORMATION_FORMAT = dwarf;
				ENABLE_STRICT_OBJC_MSGSEND = YES;
				ENABLE_TESTABILITY = YES;
				GCC_C_LANGUAGE_STANDARD = gnu99;
				GCC_DYNAMIC_NO_PIC = NO;
				GCC_NO_COMMON_BLOCKS = YES;
				GCC_OPTIMIZATION_LEVEL = 0;
				GCC_PREPROCESSOR_DEFINITIONS = (
					"DEBUG=1",
					"$(inherited)",
				);
				GCC_WARN_64_TO_32_BIT_CONVERSION = YES;
				GCC_WARN_ABOUT_RETURN_TYPE = YES_ERROR;
				GCC_WARN_UNDECLARED_SELECTOR = YES;
				GCC_WARN_UNINITIALIZED_AUTOS = YES_AGGRESSIVE;
				GCC_WARN_UNUSED_FUNCTION = YES;
				GCC_WARN_UNUSED_VARIABLE = YES;
				IPHONEOS_DEPLOYMENT_TARGET = 10.1;
				MTL_ENABLE_DEBUG_INFO = YES;
				ONLY_ACTIVE_ARCH = YES;
				SDKROOT = iphoneos;
				TARGETED_DEVICE_FAMILY = "1,2";
			};
			name = Debug;
		};
		EC6A80791E5303E7000FB081 /* Release */ = {
			isa = XCBuildConfiguration;
			buildSettings = {
				ALWAYS_SEARCH_USER_PATHS = NO;
				CLANG_ANALYZER_NONNULL = YES;
				CLANG_CXX_LANGUAGE_STANDARD = "gnu++0x";
				CLANG_CXX_LIBRARY = "libc++";
				CLANG_ENABLE_MODULES = YES;
				CLANG_ENABLE_OBJC_ARC = YES;
				CLANG_WARN_BOOL_CONVERSION = YES;
				CLANG_WARN_CONSTANT_CONVERSION = YES;
				CLANG_WARN_DIRECT_OBJC_ISA_USAGE = YES_ERROR;
				CLANG_WARN_DOCUMENTATION_COMMENTS = YES;
				CLANG_WARN_EMPTY_BODY = YES;
				CLANG_WARN_ENUM_CONVERSION = YES;
				CLANG_WARN_INFINITE_RECURSION = YES;
				CLANG_WARN_INT_CONVERSION = YES;
				CLANG_WARN_OBJC_ROOT_CLASS = YES_ERROR;
				CLANG_WARN_SUSPICIOUS_MOVES = YES;
				CLANG_WARN_UNREACHABLE_CODE = YES;
				CLANG_WARN__DUPLICATE_METHOD_MATCH = YES;
				"CODE_SIGN_IDENTITY[sdk=iphoneos*]" = "iPhone Developer";
				COPY_PHASE_STRIP = NO;
				DEBUG_INFORMATION_FORMAT = "dwarf-with-dsym";
				ENABLE_NS_ASSERTIONS = NO;
				ENABLE_STRICT_OBJC_MSGSEND = YES;
				GCC_C_LANGUAGE_STANDARD = gnu99;
				GCC_NO_COMMON_BLOCKS = YES;
				GCC_WARN_64_TO_32_BIT_CONVERSION = YES;
				GCC_WARN_ABOUT_RETURN_TYPE = YES_ERROR;
				GCC_WARN_UNDECLARED_SELECTOR = YES;
				GCC_WARN_UNINITIALIZED_AUTOS = YES_AGGRESSIVE;
				GCC_WARN_UNUSED_FUNCTION = YES;
				GCC_WARN_UNUSED_VARIABLE = YES;
				IPHONEOS_DEPLOYMENT_TARGET = 10.1;
				MTL_ENABLE_DEBUG_INFO = NO;
				SDKROOT = iphoneos;
				TARGETED_DEVICE_FAMILY = "1,2";
				VALIDATE_PRODUCT = YES;
			};
			name = Release;
		};
		EC6A807B1E5303E7000FB081 /* Debug */ = {
			isa = XCBuildConfiguration;
			buildSettings = {
				ASSETCATALOG_COMPILER_APPICON_NAME = AppIcon;
				DEVELOPMENT_TEAM = MQ7ZB3WWNR;
				INFOPLIST_FILE = IM/Info.plist;
				IPHONEOS_DEPLOYMENT_TARGET = 9.0;
				LD_RUNPATH_SEARCH_PATHS = "$(inherited) @executable_path/Frameworks";
				PRODUCT_BUNDLE_IDENTIFIER = sakura.nim.demo;
				PRODUCT_NAME = "$(TARGET_NAME)";
			};
			name = Debug;
		};
		EC6A807C1E5303E7000FB081 /* Release */ = {
			isa = XCBuildConfiguration;
			buildSettings = {
				ASSETCATALOG_COMPILER_APPICON_NAME = AppIcon;
				DEVELOPMENT_TEAM = MQ7ZB3WWNR;
				INFOPLIST_FILE = IM/Info.plist;
				IPHONEOS_DEPLOYMENT_TARGET = 9.0;
				LD_RUNPATH_SEARCH_PATHS = "$(inherited) @executable_path/Frameworks";
				PRODUCT_BUNDLE_IDENTIFIER = sakura.nim.demo;
				PRODUCT_NAME = "$(TARGET_NAME)";
			};
			name = Release;
		};
		EC6A807E1E5303E7000FB081 /* Debug */ = {
			isa = XCBuildConfiguration;
			buildSettings = {
				BUNDLE_LOADER = "$(TEST_HOST)";
				DEVELOPMENT_TEAM = MQ7ZB3WWNR;
				INFOPLIST_FILE = IMTests/Info.plist;
				LD_RUNPATH_SEARCH_PATHS = "$(inherited) @executable_path/Frameworks @loader_path/Frameworks";
				PRODUCT_BUNDLE_IDENTIFIER = Zhancheng.Co.Ltd.IMTests;
				PRODUCT_NAME = "$(TARGET_NAME)";
				TEST_HOST = "$(BUILT_PRODUCTS_DIR)/IM.app/IM";
			};
			name = Debug;
		};
		EC6A807F1E5303E7000FB081 /* Release */ = {
			isa = XCBuildConfiguration;
			buildSettings = {
				BUNDLE_LOADER = "$(TEST_HOST)";
				DEVELOPMENT_TEAM = MQ7ZB3WWNR;
				INFOPLIST_FILE = IMTests/Info.plist;
				LD_RUNPATH_SEARCH_PATHS = "$(inherited) @executable_path/Frameworks @loader_path/Frameworks";
				PRODUCT_BUNDLE_IDENTIFIER = Zhancheng.Co.Ltd.IMTests;
				PRODUCT_NAME = "$(TARGET_NAME)";
				TEST_HOST = "$(BUILT_PRODUCTS_DIR)/IM.app/IM";
			};
			name = Release;
		};
		EC6A80811E5303E7000FB081 /* Debug */ = {
			isa = XCBuildConfiguration;
			buildSettings = {
				DEVELOPMENT_TEAM = MQ7ZB3WWNR;
				INFOPLIST_FILE = IMUITests/Info.plist;
				LD_RUNPATH_SEARCH_PATHS = "$(inherited) @executable_path/Frameworks @loader_path/Frameworks";
				PRODUCT_BUNDLE_IDENTIFIER = Zhancheng.Co.Ltd.IMUITests;
				PRODUCT_NAME = "$(TARGET_NAME)";
				TEST_TARGET_NAME = IM;
			};
			name = Debug;
		};
		EC6A80821E5303E7000FB081 /* Release */ = {
			isa = XCBuildConfiguration;
			buildSettings = {
				DEVELOPMENT_TEAM = MQ7ZB3WWNR;
				INFOPLIST_FILE = IMUITests/Info.plist;
				LD_RUNPATH_SEARCH_PATHS = "$(inherited) @executable_path/Frameworks @loader_path/Frameworks";
				PRODUCT_BUNDLE_IDENTIFIER = Zhancheng.Co.Ltd.IMUITests;
				PRODUCT_NAME = "$(TARGET_NAME)";
				TEST_TARGET_NAME = IM;
			};
			name = Release;
		};
/* End XCBuildConfiguration section */

/* Begin XCConfigurationList section */
		EC6A80481E5303E7000FB081 /* Build configuration list for PBXProject "IM" */ = {
			isa = XCConfigurationList;
			buildConfigurations = (
				EC6A80781E5303E7000FB081 /* Debug */,
				EC6A80791E5303E7000FB081 /* Release */,
			);
			defaultConfigurationIsVisible = 0;
			defaultConfigurationName = Release;
		};
		EC6A807A1E5303E7000FB081 /* Build configuration list for PBXNativeTarget "IM" */ = {
			isa = XCConfigurationList;
			buildConfigurations = (
				EC6A807B1E5303E7000FB081 /* Debug */,
				EC6A807C1E5303E7000FB081 /* Release */,
			);
			defaultConfigurationIsVisible = 0;
		};
		EC6A807D1E5303E7000FB081 /* Build configuration list for PBXNativeTarget "IMTests" */ = {
			isa = XCConfigurationList;
			buildConfigurations = (
				EC6A807E1E5303E7000FB081 /* Debug */,
				EC6A807F1E5303E7000FB081 /* Release */,
			);
			defaultConfigurationIsVisible = 0;
		};
		EC6A80801E5303E7000FB081 /* Build configuration list for PBXNativeTarget "IMUITests" */ = {
			isa = XCConfigurationList;
			buildConfigurations = (
				EC6A80811E5303E7000FB081 /* Debug */,
				EC6A80821E5303E7000FB081 /* Release */,
			);
			defaultConfigurationIsVisible = 0;
		};
/* End XCConfigurationList section */
	};
	rootObject = EC6A80451E5303E7000FB081 /* Project object */;
}
